
Microsoft Visual Studio Solution File, Format Version 12.00
# Visual Studio 15
VisualStudioVersion = 15.0.26124.0
MinimumVisualStudioVersion = 15.0.26124.0
Project("{2150E333-8FDC-42A3-9474-1A3956D46DE8}") = "src", "src", "{F7872CD8-2A6E-48C2-AD79-567C28989FF8}"
EndProject
Project("{FAE04EC0-301F-11D3-BF4B-00C04F79EFBC}") = "DShop.Services.Identity", "src\DShop.Services.Identity\DShop.Services.Identity.csproj", "{5C037D6D-32BA-45E9-93CF-17C3F5EDAD5A}"
EndProject
Project("{2150E333-8FDC-42A3-9474-1A3956D46DE8}") = "tests", "tests", "{25F8E462-3E79-4DAA-9ED7-3D388BEFEE83}"
EndProject
Project("{FAE04EC0-301F-11D3-BF4B-00C04F79EFBC}") = "DShop.Services.Identity.Tests", "tests\DShop.Services.Identity.Tests\DShop.Services.Identity.Tests.csproj", "{6B2B6C83-1BF0-4E98-97B9-DC47570FB902}"
EndProject
Global
	GlobalSection(SolutionConfigurationPlatforms) = preSolution
		Debug|Any CPU = Debug|Any CPU
		Debug|x64 = Debug|x64
		Debug|x86 = Debug|x86
		Release|Any CPU = Release|Any CPU
		Release|x64 = Release|x64
		Release|x86 = Release|x86
	EndGlobalSection
	GlobalSection(SolutionProperties) = preSolution
		HideSolutionNode = FALSE
	EndGlobalSection
	GlobalSection(ProjectConfigurationPlatforms) = postSolution
		{5C037D6D-32BA-45E9-93CF-17C3F5EDAD5A}.Debug|Any CPU.ActiveCfg = Debug|Any CPU
		{5C037D6D-32BA-45E9-93CF-17C3F5EDAD5A}.Debug|Any CPU.Build.0 = Debug|Any CPU
		{5C037D6D-32BA-45E9-93CF-17C3F5EDAD5A}.Debug|x64.ActiveCfg = Debug|x64
		{5C037D6D-32BA-45E9-93CF-17C3F5EDAD5A}.Debug|x64.Build.0 = Debug|x64
		{5C037D6D-32BA-45E9-93CF-17C3F5EDAD5A}.Debug|x86.ActiveCfg = Debug|x86
		{5C037D6D-32BA-45E9-93CF-17C3F5EDAD5A}.Debug|x86.Build.0 = Debug|x86
		{5C037D6D-32BA-45E9-93CF-17C3F5EDAD5A}.Release|Any CPU.ActiveCfg = Release|Any CPU
		{5C037D6D-32BA-45E9-93CF-17C3F5EDAD5A}.Release|Any CPU.Build.0 = Release|Any CPU
		{5C037D6D-32BA-45E9-93CF-17C3F5EDAD5A}.Release|x64.ActiveCfg = Release|x64
		{5C037D6D-32BA-45E9-93CF-17C3F5EDAD5A}.Release|x64.Build.0 = Release|x64
		{5C037D6D-32BA-45E9-93CF-17C3F5EDAD5A}.Release|x86.ActiveCfg = Release|x86
		{5C037D6D-32BA-45E9-93CF-17C3F5EDAD5A}.Release|x86.Build.0 = Release|x86
		{6B2B6C83-1BF0-4E98-97B9-DC47570FB902}.Debug|Any CPU.ActiveCfg = Debug|Any CPU
		{6B2B6C83-1BF0-4E98-97B9-DC47570FB902}.Debug|Any CPU.Build.0 = Debug|Any CPU
		{6B2B6C83-1BF0-4E98-97B9-DC47570FB902}.Debug|x64.ActiveCfg = Debug|Any CPU
		{6B2B6C83-1BF0-4E98-97B9-DC47570FB902}.Debug|x64.Build.0 = Debug|Any CPU
		{6B2B6C83-1BF0-4E98-97B9-DC47570FB902}.Debug|x86.ActiveCfg = Debug|Any CPU
		{6B2B6C83-1BF0-4E98-97B9-DC47570FB902}.Debug|x86.Build.0 = Debug|Any CPU
		{6B2B6C83-1BF0-4E98-97B9-DC47570FB902}.Release|Any CPU.ActiveCfg = Release|Any CPU
		{6B2B6C83-1BF0-4E98-97B9-DC47570FB902}.Release|Any CPU.Build.0 = Release|Any CPU
		{6B2B6C83-1BF0-4E98-97B9-DC47570FB902}.Release|x64.ActiveCfg = Release|Any CPU
		{6B2B6C83-1BF0-4E98-97B9-DC47570FB902}.Release|x64.Build.0 = Release|Any CPU
		{6B2B6C83-1BF0-4E98-97B9-DC47570FB902}.Release|x86.ActiveCfg = Release|Any CPU
		{6B2B6C83-1BF0-4E98-97B9-DC47570FB902}.Release|x86.Build.0 = Release|Any CPU
	EndGlobalSection
	GlobalSection(NestedProjects) = preSolution
		{5C037D6D-32BA-45E9-93CF-17C3F5EDAD5A} = {F7872CD8-2A6E-48C2-AD79-567C28989FF8}
		{6B2B6C83-1BF0-4E98-97B9-DC47570FB902} = {25F8E462-3E79-4DAA-9ED7-3D388BEFEE83}
	EndGlobalSection
EndGlobal
